<Solution>
  <Project Path="FiapCloudGames.Contracts/FiapCloudGames.Contracts.csproj" Id="8cb4f8d3-8cf9-4294-9dc2-b9d497405e2f" />
  <Project Path="FiapCloudGamesPayments.Api/FiapCloudGamesPayments.Api.csproj" Id="6d97ac6a-74b9-410a-a6d7-071638cb5858" />
  <Project Path="FiapCloudGamesPayments.Application/FiapCloudGamesPayments.Application.csproj" Id="59391223-273d-4daa-8d96-694b17a43ef9" />
  <Project Path="FiapCloudGamesPayments.Domain/FiapCloudGamesPayments.Domain.csproj" Id="2e1fa373-35cb-499a-8fc7-368e9cd549e2" />
  <Project Path="FiapCloudGamesPayments.Infra.Data/FiapCloudGamesPayments.Infra.Data.csproj" Id="31498483-ba81-4cbc-bae4-0f62187a5a09" />
</Solution>
